
Microsoft Visual Studio Solution File, Format Version 12.00
# Visual Studio Version 16
VisualStudioVersion = 16.0.30523.141
MinimumVisualStudioVersion = 10.0.40219.1
Project("{FAE04EC0-301F-11D3-BF4B-00C04F79EFBC}") = "Zadanie B6", "Zadanie B6.csproj", "{AE1B5C57-940A-4F24-9B4E-9A9A95CA1B63}"
EndProject
Global
	GlobalSection(SolutionConfigurationPlatforms) = preSolution
		Debug|Any CPU = Debug|Any CPU
		Release|Any CPU = Release|Any CPU
	EndGlobalSection
	GlobalSection(ProjectConfigurationPlatforms) = postSolution
		{AE1B5C57-940A-4F24-9B4E-9A9A95CA1B63}.Debug|Any CPU.ActiveCfg = Debug|Any CPU
		{AE1B5C57-940A-4F24-9B4E-9A9A95CA1B63}.Debug|Any CPU.Build.0 = Debug|Any CPU
		{AE1B5C57-940A-4F24-9B4E-9A9A95CA1B63}.Release|Any CPU.ActiveCfg = Release|Any CPU
		{AE1B5C57-940A-4F24-9B4E-9A9A95CA1B63}.Release|Any CPU.Build.0 = Release|Any CPU
	EndGlobalSection
	GlobalSection(SolutionProperties) = preSolution
		HideSolutionNode = FALSE
	EndGlobalSection
	GlobalSection(ExtensibilityGlobals) = postSolution
		SolutionGuid = {8F8E130C-802F-47D4-866C-51A24560D30D}
	EndGlobalSection
EndGlobal
